
Microsoft Visual Studio Solution File, Format Version 12.00
# Visual Studio Version 16
VisualStudioVersion = 16.0.30114.105
MinimumVisualStudioVersion = 10.0.40219.1
Project("{2150E333-8FDC-42A3-9474-1A3956D46DE8}") = "src", "src", "{8C27CBD9-946F-44F6-98A1-6DBD1A8295D5}"
EndProject
Project("{FAE04EC0-301F-11D3-BF4B-00C04F79EFBC}") = "SSGP.Domain", "src\Domain\SSGP.Domain.csproj", "{BBA2B2BE-3B03-4C04-83A7-CBD9F50BAED1}"
EndProject
Project("{FAE04EC0-301F-11D3-BF4B-00C04F79EFBC}") = "SSGP.Application", "src\Application\SSGP.Application.csproj", "{92CEE240-7892-48C7-9A96-BFEAD5904A55}"
EndProject
Project("{FAE04EC0-301F-11D3-BF4B-00C04F79EFBC}") = "SSGP.Infrastructure", "src\Infrastructure\SSGP.Infrastructure.csproj", "{18019E55-F044-4756-BEDF-1442D6570AC8}"
EndProject
Project("{FAE04EC0-301F-11D3-BF4B-00C04F79EFBC}") = "SSGP.Api", "src\Api\SSGP.Api.csproj", "{D4C95A3A-0794-4DC7-ACF9-C10B3E8CF1E7}"
EndProject
Global
	GlobalSection(SolutionConfigurationPlatforms) = preSolution
		Debug|Any CPU = Debug|Any CPU
		Release|Any CPU = Release|Any CPU
	EndGlobalSection
	GlobalSection(SolutionProperties) = preSolution
		HideSolutionNode = FALSE
	EndGlobalSection
	GlobalSection(ProjectConfigurationPlatforms) = postSolution
		{BBA2B2BE-3B03-4C04-83A7-CBD9F50BAED1}.Debug|Any CPU.ActiveCfg = Debug|Any CPU
		{BBA2B2BE-3B03-4C04-83A7-CBD9F50BAED1}.Debug|Any CPU.Build.0 = Debug|Any CPU
		{BBA2B2BE-3B03-4C04-83A7-CBD9F50BAED1}.Release|Any CPU.ActiveCfg = Release|Any CPU
		{BBA2B2BE-3B03-4C04-83A7-CBD9F50BAED1}.Release|Any CPU.Build.0 = Release|Any CPU
		{92CEE240-7892-48C7-9A96-BFEAD5904A55}.Debug|Any CPU.ActiveCfg = Debug|Any CPU
		{92CEE240-7892-48C7-9A96-BFEAD5904A55}.Debug|Any CPU.Build.0 = Debug|Any CPU
		{92CEE240-7892-48C7-9A96-BFEAD5904A55}.Release|Any CPU.ActiveCfg = Release|Any CPU
		{92CEE240-7892-48C7-9A96-BFEAD5904A55}.Release|Any CPU.Build.0 = Release|Any CPU
		{18019E55-F044-4756-BEDF-1442D6570AC8}.Debug|Any CPU.ActiveCfg = Debug|Any CPU
		{18019E55-F044-4756-BEDF-1442D6570AC8}.Debug|Any CPU.Build.0 = Debug|Any CPU
		{18019E55-F044-4756-BEDF-1442D6570AC8}.Release|Any CPU.ActiveCfg = Release|Any CPU
		{18019E55-F044-4756-BEDF-1442D6570AC8}.Release|Any CPU.Build.0 = Release|Any CPU
		{D4C95A3A-0794-4DC7-ACF9-C10B3E8CF1E7}.Debug|Any CPU.ActiveCfg = Debug|Any CPU
		{D4C95A3A-0794-4DC7-ACF9-C10B3E8CF1E7}.Debug|Any CPU.Build.0 = Debug|Any CPU
		{D4C95A3A-0794-4DC7-ACF9-C10B3E8CF1E7}.Release|Any CPU.ActiveCfg = Release|Any CPU
		{D4C95A3A-0794-4DC7-ACF9-C10B3E8CF1E7}.Release|Any CPU.Build.0 = Release|Any CPU
	EndGlobalSection
	GlobalSection(NestedProjects) = preSolution
		{BBA2B2BE-3B03-4C04-83A7-CBD9F50BAED1} = {8C27CBD9-946F-44F6-98A1-6DBD1A8295D5}
		{92CEE240-7892-48C7-9A96-BFEAD5904A55} = {8C27CBD9-946F-44F6-98A1-6DBD1A8295D5}
		{18019E55-F044-4756-BEDF-1442D6570AC8} = {8C27CBD9-946F-44F6-98A1-6DBD1A8295D5}
		{D4C95A3A-0794-4DC7-ACF9-C10B3E8CF1E7} = {8C27CBD9-946F-44F6-98A1-6DBD1A8295D5}
	EndGlobalSection
EndGlobal
